
Microsoft Visual Studio Solution File, Format Version 12.00
# Visual Studio Version 17
VisualStudioVersion = 17.4.33403.182
MinimumVisualStudioVersion = 10.0.40219.1
Project("{9A19103F-16F7-4668-BE54-9A1E7A4F7556}") = "SchoolManagementApp.MVC", "SchoolManagementApp.MVC.csproj", "{732B8A46-CC61-435F-A90E-C301462A65CB}"
EndProject
Global
	GlobalSection(SolutionConfigurationPlatforms) = preSolution
		Debug|Any CPU = Debug|Any CPU
		Release|Any CPU = Release|Any CPU
	EndGlobalSection
	GlobalSection(ProjectConfigurationPlatforms) = postSolution
		{732B8A46-CC61-435F-A90E-C301462A65CB}.Debug|Any CPU.ActiveCfg = Debug|Any CPU
		{732B8A46-CC61-435F-A90E-C301462A65CB}.Debug|Any CPU.Build.0 = Debug|Any CPU
		{732B8A46-CC61-435F-A90E-C301462A65CB}.Release|Any CPU.ActiveCfg = Release|Any CPU
		{732B8A46-CC61-435F-A90E-C301462A65CB}.Release|Any CPU.Build.0 = Release|Any CPU
	EndGlobalSection
	GlobalSection(SolutionProperties) = preSolution
		HideSolutionNode = FALSE
	EndGlobalSection
	GlobalSection(ExtensibilityGlobals) = postSolution
		SolutionGuid = {111FF354-B477-4D8E-B401-C81F2DD68FEA}
	EndGlobalSection
EndGlobal
